// !$*UTF8*$!
{
	archiveVersion = 1;
	classes = {
	};
	objectVersion = 50;
	objects = {

/* Begin PBXBuildFile section */
		48A1FF9821C7986F00CAAD28 /* AppDelegate.m in Sources */ = {isa = PBXBuildFile; fileRef = 48A1FF9721C7986F00CAAD28 /* AppDelegate.m */; };
		48A1FF9B21C7986F00CAAD28 /* ViewController.m in Sources */ = {isa = PBXBuildFile; fileRef = 48A1FF9A21C7986F00CAAD28 /* ViewController.m */; };
		48A1FF9E21C7986F00CAAD28 /* Main.storyboard in Resources */ = {isa = PBXBuildFile; fileRef = 48A1FF9C21C7986F00CAAD28 /* Main.storyboard */; };
		48A1FFA021C7987000CAAD28 /* Assets.xcassets in Resources */ = {isa = PBXBuildFile; fileRef = 48A1FF9F21C7987000CAAD28 /* Assets.xcassets */; };
		48A1FFA321C7987000CAAD28 /* LaunchScreen.storyboard in Resources */ = {isa = PBXBuildFile; fileRef = 48A1FFA121C7987000CAAD28 /* LaunchScreen.storyboard */; };
		48A1FFA621C7987000CAAD28 /* main.m in Sources */ = {isa = PBXBuildFile; fileRef = 48A1FFA521C7987000CAAD28 /* main.m */; };
		48A1FFB021C7987000CAAD28 /* OOCategoriesDemoTests.m in Sources */ = {isa = PBXBuildFile; fileRef = 48A1FFAF21C7987000CAAD28 /* OOCategoriesDemoTests.m */; };
		48A1FFBB21C7987000CAAD28 /* OOCategoriesDemoUITests.m in Sources */ = {isa = PBXBuildFile; fileRef = 48A1FFBA21C7987000CAAD28 /* OOCategoriesDemoUITests.m */; };
		48A1FFEB21C7992100CAAD28 /* NSMutableDictionary+OO.m in Sources */ = {isa = PBXBuildFile; fileRef = 48A1FFCB21C7992100CAAD28 /* NSMutableDictionary+OO.m */; };
		48A1FFEC21C7992100CAAD28 /* UIButton+OO.m in Sources */ = {isa = PBXBuildFile; fileRef = 48A1FFCD21C7992100CAAD28 /* UIButton+OO.m */; };
		48A1FFED21C7992100CAAD28 /* UITextView+OO.m in Sources */ = {isa = PBXBuildFile; fileRef = 48A1FFD221C7992100CAAD28 /* UITextView+OO.m */; };
		48A1FFEE21C7992100CAAD28 /* UICollectionView+OO.m in Sources */ = {isa = PBXBuildFile; fileRef = 48A1FFD321C7992100CAAD28 /* UICollectionView+OO.m */; };
		48A1FFEF21C7992100CAAD28 /* OOTime.m in Sources */ = {isa = PBXBuildFile; fileRef = 48A1FFD421C7992100CAAD28 /* OOTime.m */; };
		48A1FFF021C7992100CAAD28 /* OODocuments.m in Sources */ = {isa = PBXBuildFile; fileRef = 48A1FFD521C7992100CAAD28 /* OODocuments.m */; };
		48A1FFF121C7992100CAAD28 /* UILabel+OO.m in Sources */ = {isa = PBXBuildFile; fileRef = 48A1FFDA21C7992100CAAD28 /* UILabel+OO.m */; };
		48A1FFF221C7992100CAAD28 /* UITextField+OO.m in Sources */ = {isa = PBXBuildFile; fileRef = 48A1FFDE21C7992100CAAD28 /* UITextField+OO.m */; };
		48A1FFF321C7992100CAAD28 /* OONullCalue.m in Sources */ = {isa = PBXBuildFile; fileRef = 48A1FFDF21C7992100CAAD28 /* OONullCalue.m */; };
		48A1FFF421C7992100CAAD28 /* UIView+OO.m in Sources */ = {isa = PBXBuildFile; fileRef = 48A1FFE021C7992100CAAD28 /* UIView+OO.m */; };
		48A1FFF521C7992100CAAD28 /* UIScrollView+OO.m in Sources */ = {isa = PBXBuildFile; fileRef = 48A1FFE421C7992100CAAD28 /* UIScrollView+OO.m */; };
		48A1FFF621C7992100CAAD28 /* UITableView+OO.m in Sources */ = {isa = PBXBuildFile; fileRef = 48A1FFE521C7992100CAAD28 /* UITableView+OO.m */; };
		48A1FFF721C7992100CAAD28 /* UIImageView+OO.m in Sources */ = {isa = PBXBuildFile; fileRef = 48A1FFE621C7992100CAAD28 /* UIImageView+OO.m */; };
		48A1FFF821C7992100CAAD28 /* OONSPredicate.m in Sources */ = {isa = PBXBuildFile; fileRef = 48A1FFE721C7992100CAAD28 /* OONSPredicate.m */; };
		48A1FFF921C7992100CAAD28 /* UIViewController+OO.m in Sources */ = {isa = PBXBuildFile; fileRef = 48A1FFE821C7992100CAAD28 /* UIViewController+OO.m */; };
		48A1FFFA21C7992100CAAD28 /* NSDate+OO.m in Sources */ = {isa = PBXBuildFile; fileRef = 48A1FFEA21C7992100CAAD28 /* NSDate+OO.m */; };
/* End PBXBuildFile section */

/* Begin PBXContainerItemProxy section */
		48A1FFAC21C7987000CAAD28 /* PBXContainerItemProxy */ = {
			isa = PBXContainerItemProxy;
			containerPortal = 48A1FF8B21C7986F00CAAD28 /* Project object */;
			proxyType = 1;
			remoteGlobalIDString = 48A1FF9221C7986F00CAAD28;
			remoteInfo = OOCategoriesDemo;
		};
		48A1FFB721C7987000CAAD28 /* PBXContainerItemProxy */ = {
			isa = PBXContainerItemProxy;
			containerPortal = 48A1FF8B21C7986F00CAAD28 /* Project object */;
			proxyType = 1;
			remoteGlobalIDString = 48A1FF9221C7986F00CAAD28;
			remoteInfo = OOCategoriesDemo;
		};
/* End PBXContainerItemProxy section */

/* Begin PBXFileReference section */
		48A1FF9321C7986F00CAAD28 /* OOCategoriesDemo.app */ = {isa = PBXFileReference; explicitFileType = wrapper.application; includeInIndex = 0; path = OOCategoriesDemo.app; sourceTree = BUILT_PRODUCTS_DIR; };
		48A1FF9621C7986F00CAAD28 /* AppDelegate.h */ = {isa = PBXFileReference; lastKnownFileType = sourcecode.c.h; path = AppDelegate.h; sourceTree = "<group>"; };
		48A1FF9721C7986F00CAAD28 /* AppDelegate.m */ = {isa = PBXFileReference; lastKnownFileType = sourcecode.c.objc; path = AppDelegate.m; sourceTree = "<group>"; };
		48A1FF9921C7986F00CAAD28 /* ViewController.h */ = {isa = PBXFileReference; lastKnownFileType = sourcecode.c.h; path = ViewController.h; sourceTree = "<group>"; };
		48A1FF9A21C7986F00CAAD28 /* ViewController.m */ = {isa = PBXFileReference; lastKnownFileType = sourcecode.c.objc; path = ViewController.m; sourceTree = "<group>"; };
		48A1FF9D21C7986F00CAAD28 /* Base */ = {isa = PBXFileReference; lastKnownFileType = file.storyboard; name = Base; path = Base.lproj/Main.storyboard; sourceTree = "<group>"; };
		48A1FF9F21C7987000CAAD28 /* Assets.xcassets */ = {isa = PBXFileReference; lastKnownFileType = folder.assetcatalog; path = Assets.xcassets; sourceTree = "<group>"; };
		48A1FFA221C7987000CAAD28 /* Base */ = {isa = PBXFileReference; lastKnownFileType = file.storyboard; name = Base; path = Base.lproj/LaunchScreen.storyboard; sourceTree = "<group>"; };
		48A1FFA421C7987000CAAD28 /* Info.plist */ = {isa = PBXFileReference; lastKnownFileType = text.plist.xml; path = Info.plist; sourceTree = "<group>"; };
		48A1FFA521C7987000CAAD28 /* main.m */ = {isa = PBXFileReference; lastKnownFileType = sourcecode.c.objc; path = main.m; sourceTree = "<group>"; };
		48A1FFAB21C7987000CAAD28 /* OOCategoriesDemoTests.xctest */ = {isa = PBXFileReference; explicitFileType = wrapper.cfbundle; includeInIndex = 0; path = OOCategoriesDemoTests.xctest; sourceTree = BUILT_PRODUCTS_DIR; };
		48A1FFAF21C7987000CAAD28 /* OOCategoriesDemoTests.m */ = {isa = PBXFileReference; lastKnownFileType = sourcecode.c.objc; path = OOCategoriesDemoTests.m; sourceTree = "<group>"; };
		48A1FFB121C7987000CAAD28 /* Info.plist */ = {isa = PBXFileReference; lastKnownFileType = text.plist.xml; path = Info.plist; sourceTree = "<group>"; };
		48A1FFB621C7987000CAAD28 /* OOCategoriesDemoUITests.xctest */ = {isa = PBXFileReference; explicitFileType = wrapper.cfbundle; includeInIndex = 0; path = OOCategoriesDemoUITests.xctest; sourceTree = BUILT_PRODUCTS_DIR; };
		48A1FFBA21C7987000CAAD28 /* OOCategoriesDemoUITests.m */ = {isa = PBXFileReference; lastKnownFileType = sourcecode.c.objc; path = OOCategoriesDemoUITests.m; sourceTree = "<group>"; };
		48A1FFBC21C7987000CAAD28 /* Info.plist */ = {isa = PBXFileReference; lastKnownFileType = text.plist.xml; path = Info.plist; sourceTree = "<group>"; };
		48A1FFC921C7992100CAAD28 /* OONullCalue.h */ = {isa = PBXFileReference; fileEncoding = 4; lastKnownFileType = sourcecode.c.h; path = OONullCalue.h; sourceTree = "<group>"; };
		48A1FFCA21C7992100CAAD28 /* UIView+OO.h */ = {isa = PBXFileReference; fileEncoding = 4; lastKnownFileType = sourcecode.c.h; path = "UIView+OO.h"; sourceTree = "<group>"; };
		48A1FFCB21C7992100CAAD28 /* NSMutableDictionary+OO.m */ = {isa = PBXFileReference; fileEncoding = 4; lastKnownFileType = sourcecode.c.objc; path = "NSMutableDictionary+OO.m"; sourceTree = "<group>"; };
		48A1FFCC21C7992100CAAD28 /* UITextField+OO.h */ = {isa = PBXFileReference; fileEncoding = 4; lastKnownFileType = sourcecode.c.h; path = "UITextField+OO.h"; sourceTree = "<group>"; };
		48A1FFCD21C7992100CAAD28 /* UIButton+OO.m */ = {isa = PBXFileReference; fileEncoding = 4; lastKnownFileType = sourcecode.c.objc; path = "UIButton+OO.m"; sourceTree = "<group>"; };
		48A1FFCE21C7992100CAAD28 /* UILabel+OO.h */ = {isa = PBXFileReference; fileEncoding = 4; lastKnownFileType = sourcecode.c.h; path = "UILabel+OO.h"; sourceTree = "<group>"; };
		48A1FFCF21C7992100CAAD28 /* UIImageView+OO.h */ = {isa = PBXFileReference; fileEncoding = 4; lastKnownFileType = sourcecode.c.h; path = "UIImageView+OO.h"; sourceTree = "<group>"; };
		48A1FFD021C7992100CAAD28 /* UITableView+OO.h */ = {isa = PBXFileReference; fileEncoding = 4; lastKnownFileType = sourcecode.c.h; path = "UITableView+OO.h"; sourceTree = "<group>"; };
		48A1FFD121C7992100CAAD28 /* UIScrollView+OO.h */ = {isa = PBXFileReference; fileEncoding = 4; lastKnownFileType = sourcecode.c.h; path = "UIScrollView+OO.h"; sourceTree = "<group>"; };
		48A1FFD221C7992100CAAD28 /* UITextView+OO.m */ = {isa = PBXFileReference; fileEncoding = 4; lastKnownFileType = sourcecode.c.objc; path = "UITextView+OO.m"; sourceTree = "<group>"; };
		48A1FFD321C7992100CAAD28 /* UICollectionView+OO.m */ = {isa = PBXFileReference; fileEncoding = 4; lastKnownFileType = sourcecode.c.objc; path = "UICollectionView+OO.m"; sourceTree = "<group>"; };
		48A1FFD421C7992100CAAD28 /* OOTime.m */ = {isa = PBXFileReference; fileEncoding = 4; lastKnownFileType = sourcecode.c.objc; path = OOTime.m; sourceTree = "<group>"; };
		48A1FFD521C7992100CAAD28 /* OODocuments.m */ = {isa = PBXFileReference; fileEncoding = 4; lastKnownFileType = sourcecode.c.objc; path = OODocuments.m; sourceTree = "<group>"; };
		48A1FFD621C7992100CAAD28 /* UIViewController+OO.h */ = {isa = PBXFileReference; fileEncoding = 4; lastKnownFileType = sourcecode.c.h; path = "UIViewController+OO.h"; sourceTree = "<group>"; };
		48A1FFD721C7992100CAAD28 /* OONSPredicate.h */ = {isa = PBXFileReference; fileEncoding = 4; lastKnownFileType = sourcecode.c.h; path = OONSPredicate.h; sourceTree = "<group>"; };
		48A1FFD821C7992100CAAD28 /* OOCommonMacro.h */ = {isa = PBXFileReference; fileEncoding = 4; lastKnownFileType = sourcecode.c.h; path = OOCommonMacro.h; sourceTree = "<group>"; };
		48A1FFD921C7992100CAAD28 /* NSDate+OO.h */ = {isa = PBXFileReference; fileEncoding = 4; lastKnownFileType = sourcecode.c.h; path = "NSDate+OO.h"; sourceTree = "<group>"; };
		48A1FFDA21C7992100CAAD28 /* UILabel+OO.m */ = {isa = PBXFileReference; fileEncoding = 4; lastKnownFileType = sourcecode.c.objc; path = "UILabel+OO.m"; sourceTree = "<group>"; };
		48A1FFDB21C7992100CAAD28 /* OOCategories.h */ = {isa = PBXFileReference; fileEncoding = 4; lastKnownFileType = sourcecode.c.h; path = OOCategories.h; sourceTree = "<group>"; };
		48A1FFDC21C7992100CAAD28 /* UIButton+OO.h */ = {isa = PBXFileReference; fileEncoding = 4; lastKnownFileType = sourcecode.c.h; path = "UIButton+OO.h"; sourceTree = "<group>"; };
		48A1FFDD21C7992100CAAD28 /* NSMutableDictionary+OO.h */ = {isa = PBXFileReference; fileEncoding = 4; lastKnownFileType = sourcecode.c.h; path = "NSMutableDictionary+OO.h"; sourceTree = "<group>"; };
		48A1FFDE21C7992100CAAD28 /* UITextField+OO.m */ = {isa = PBXFileReference; fileEncoding = 4; lastKnownFileType = sourcecode.c.objc; path = "UITextField+OO.m"; sourceTree = "<group>"; };
		48A1FFDF21C7992100CAAD28 /* OONullCalue.m */ = {isa = PBXFileReference; fileEncoding = 4; lastKnownFileType = sourcecode.c.objc; path = OONullCalue.m; sourceTree = "<group>"; };
		48A1FFE021C7992100CAAD28 /* UIView+OO.m */ = {isa = PBXFileReference; fileEncoding = 4; lastKnownFileType = sourcecode.c.objc; path = "UIView+OO.m"; sourceTree = "<group>"; };
		48A1FFE121C7992100CAAD28 /* OOTime.h */ = {isa = PBXFileReference; fileEncoding = 4; lastKnownFileType = sourcecode.c.h; path = OOTime.h; sourceTree = "<group>"; };
		48A1FFE221C7992100CAAD28 /* UICollectionView+OO.h */ = {isa = PBXFileReference; fileEncoding = 4; lastKnownFileType = sourcecode.c.h; path = "UICollectionView+OO.h"; sourceTree = "<group>"; };
		48A1FFE321C7992100CAAD28 /* UITextView+OO.h */ = {isa = PBXFileReference; fileEncoding = 4; lastKnownFileType = sourcecode.c.h; path = "UITextView+OO.h"; sourceTree = "<group>"; };
		48A1FFE421C7992100CAAD28 /* UIScrollView+OO.m */ = {isa = PBXFileReference; fileEncoding = 4; lastKnownFileType = sourcecode.c.objc; path = "UIScrollView+OO.m"; sourceTree = "<group>"; };
		48A1FFE521C7992100CAAD28 /* UITableView+OO.m */ = {isa = PBXFileReference; fileEncoding = 4; lastKnownFileType = sourcecode.c.objc; path = "UITableView+OO.m"; sourceTree = "<group>"; };
		48A1FFE621C7992100CAAD28 /* UIImageView+OO.m */ = {isa = PBXFileReference; fileEncoding = 4; lastKnownFileType = sourcecode.c.objc; path = "UIImageView+OO.m"; sourceTree = "<group>"; };
		48A1FFE721C7992100CAAD28 /* OONSPredicate.m */ = {isa = PBXFileReference; fileEncoding = 4; lastKnownFileType = sourcecode.c.objc; path = OONSPredicate.m; sourceTree = "<group>"; };
		48A1FFE821C7992100CAAD28 /* UIViewController+OO.m */ = {isa = PBXFileReference; fileEncoding = 4; lastKnownFileType = sourcecode.c.objc; path = "UIViewController+OO.m"; sourceTree = "<group>"; };
		48A1FFE921C7992100CAAD28 /* OODocuments.h */ = {isa = PBXFileReference; fileEncoding = 4; lastKnownFileType = sourcecode.c.h; path = OODocuments.h; sourceTree = "<group>"; };
		48A1FFEA21C7992100CAAD28 /* NSDate+OO.m */ = {isa = PBXFileReference; fileEncoding = 4; lastKnownFileType = sourcecode.c.objc; path = "NSDate+OO.m"; sourceTree = "<group>"; };
/* End PBXFileReference section */

/* Begin PBXFrameworksBuildPhase section */
		48A1FF9021C7986F00CAAD28 /* Frameworks */ = {
			isa = PBXFrameworksBuildPhase;
			buildActionMask = 2147483647;
			files = (
			);
			runOnlyForDeploymentPostprocessing = 0;
		};
		48A1FFA821C7987000CAAD28 /* Frameworks */ = {
			isa = PBXFrameworksBuildPhase;
			buildActionMask = 2147483647;
			files = (
			);
			runOnlyForDeploymentPostprocessing = 0;
		};
		48A1FFB321C7987000CAAD28 /* Frameworks */ = {
			isa = PBXFrameworksBuildPhase;
			buildActionMask = 2147483647;
			files = (
			);
			runOnlyForDeploymentPostprocessing = 0;
		};
/* End PBXFrameworksBuildPhase section */

/* Begin PBXGroup section */
		48A1FF8A21C7986F00CAAD28 = {
			isa = PBXGroup;
			children = (
				48A1FF9521C7986F00CAAD28 /* OOCategoriesDemo */,
				48A1FFAE21C7987000CAAD28 /* OOCategoriesDemoTests */,
				48A1FFB921C7987000CAAD28 /* OOCategoriesDemoUITests */,
				48A1FF9421C7986F00CAAD28 /* Products */,
			);
			sourceTree = "<group>";
		};
		48A1FF9421C7986F00CAAD28 /* Products */ = {
			isa = PBXGroup;
			children = (
				48A1FF9321C7986F00CAAD28 /* OOCategoriesDemo.app */,
				48A1FFAB21C7987000CAAD28 /* OOCategoriesDemoTests.xctest */,
				48A1FFB621C7987000CAAD28 /* OOCategoriesDemoUITests.xctest */,
			);
			name = Products;
			sourceTree = "<group>";
		};
		48A1FF9521C7986F00CAAD28 /* OOCategoriesDemo */ = {
			isa = PBXGroup;
			children = (
				48A1FFC821C7992100CAAD28 /* OOCategories */,
				48A1FF9621C7986F00CAAD28 /* AppDelegate.h */,
				48A1FF9721C7986F00CAAD28 /* AppDelegate.m */,
				48A1FF9921C7986F00CAAD28 /* ViewController.h */,
				48A1FF9A21C7986F00CAAD28 /* ViewController.m */,
				48A1FF9C21C7986F00CAAD28 /* Main.storyboard */,
				48A1FF9F21C7987000CAAD28 /* Assets.xcassets */,
				48A1FFA121C7987000CAAD28 /* LaunchScreen.storyboard */,
				48A1FFA421C7987000CAAD28 /* Info.plist */,
				48A1FFA521C7987000CAAD28 /* main.m */,
			);
			path = OOCategoriesDemo;
			sourceTree = "<group>";
		};
		48A1FFAE21C7987000CAAD28 /* OOCategoriesDemoTests */ = {
			isa = PBXGroup;
			children = (
				48A1FFAF21C7987000CAAD28 /* OOCategoriesDemoTests.m */,
				48A1FFB121C7987000CAAD28 /* Info.plist */,
			);
			path = OOCategoriesDemoTests;
			sourceTree = "<group>";
		};
		48A1FFB921C7987000CAAD28 /* OOCategoriesDemoUITests */ = {
			isa = PBXGroup;
			children = (
				48A1FFBA21C7987000CAAD28 /* OOCategoriesDemoUITests.m */,
				48A1FFBC21C7987000CAAD28 /* Info.plist */,
			);
			path = OOCategoriesDemoUITests;
			sourceTree = "<group>";
		};
		48A1FFC821C7992100CAAD28 /* OOCategories */ = {
			isa = PBXGroup;
			children = (
				48A1FFC921C7992100CAAD28 /* OONullCalue.h */,
				48A1FFCA21C7992100CAAD28 /* UIView+OO.h */,
				48A1FFCB21C7992100CAAD28 /* NSMutableDictionary+OO.m */,
				48A1FFCC21C7992100CAAD28 /* UITextField+OO.h */,
				48A1FFCD21C7992100CAAD28 /* UIButton+OO.m */,
				48A1FFCE21C7992100CAAD28 /* UILabel+OO.h */,
				48A1FFCF21C7992100CAAD28 /* UIImageView+OO.h */,
				48A1FFD021C7992100CAAD28 /* UITableView+OO.h */,
				48A1FFD121C7992100CAAD28 /* UIScrollView+OO.h */,
				48A1FFD221C7992100CAAD28 /* UITextView+OO.m */,
				48A1FFD321C7992100CAAD28 /* UICollectionView+OO.m */,
				48A1FFD421C7992100CAAD28 /* OOTime.m */,
				48A1FFD521C7992100CAAD28 /* OODocuments.m */,
				48A1FFD621C7992100CAAD28 /* UIViewController+OO.h */,
				48A1FFD721C7992100CAAD28 /* OONSPredicate.h */,
				48A1FFD821C7992100CAAD28 /* OOCommonMacro.h */,
				48A1FFD921C7992100CAAD28 /* NSDate+OO.h */,
				48A1FFDA21C7992100CAAD28 /* UILabel+OO.m */,
				48A1FFDB21C7992100CAAD28 /* OOCategories.h */,
				48A1FFDC21C7992100CAAD28 /* UIButton+OO.h */,
				48A1FFDD21C7992100CAAD28 /* NSMutableDictionary+OO.h */,
				48A1FFDE21C7992100CAAD28 /* UITextField+OO.m */,
				48A1FFDF21C7992100CAAD28 /* OONullCalue.m */,
				48A1FFE021C7992100CAAD28 /* UIView+OO.m */,
				48A1FFE121C7992100CAAD28 /* OOTime.h */,
				48A1FFE221C7992100CAAD28 /* UICollectionView+OO.h */,
				48A1FFE321C7992100CAAD28 /* UITextView+OO.h */,
				48A1FFE421C7992100CAAD28 /* UIScrollView+OO.m */,
				48A1FFE521C7992100CAAD28 /* UITableView+OO.m */,
				48A1FFE621C7992100CAAD28 /* UIImageView+OO.m */,
				48A1FFE721C7992100CAAD28 /* OONSPredicate.m */,
				48A1FFE821C7992100CAAD28 /* UIViewController+OO.m */,
				48A1FFE921C7992100CAAD28 /* OODocuments.h */,
				48A1FFEA21C7992100CAAD28 /* NSDate+OO.m */,
			);
			path = OOCategories;
			sourceTree = "<group>";
		};
/* End PBXGroup section */

/* Begin PBXNativeTarget section */
		48A1FF9221C7986F00CAAD28 /* OOCategoriesDemo */ = {
			isa = PBXNativeTarget;
			buildConfigurationList = 48A1FFBF21C7987000CAAD28 /* Build configuration list for PBXNativeTarget "OOCategoriesDemo" */;
			buildPhases = (
				48A1FF8F21C7986F00CAAD28 /* Sources */,
				48A1FF9021C7986F00CAAD28 /* Frameworks */,
				48A1FF9121C7986F00CAAD28 /* Resources */,
			);
			buildRules = (
			);
			dependencies = (
			);
			name = OOCategoriesDemo;
			productName = OOCategoriesDemo;
			productReference = 48A1FF9321C7986F00CAAD28 /* OOCategoriesDemo.app */;
			productType = "com.apple.product-type.application";
		};
		48A1FFAA21C7987000CAAD28 /* OOCategoriesDemoTests */ = {
			isa = PBXNativeTarget;
			buildConfigurationList = 48A1FFC221C7987000CAAD28 /* Build configuration list for PBXNativeTarget "OOCategoriesDemoTests" */;
			buildPhases = (
				48A1FFA721C7987000CAAD28 /* Sources */,
				48A1FFA821C7987000CAAD28 /* Frameworks */,
				48A1FFA921C7987000CAAD28 /* Resources */,
			);
			buildRules = (
			);
			dependencies = (
				48A1FFAD21C7987000CAAD28 /* PBXTargetDependency */,
			);
			name = OOCategoriesDemoTests;
			productName = OOCategoriesDemoTests;
			productReference = 48A1FFAB21C7987000CAAD28 /* OOCategoriesDemoTests.xctest */;
			productType = "com.apple.product-type.bundle.unit-test";
		};
		48A1FFB521C7987000CAAD28 /* OOCategoriesDemoUITests */ = {
			isa = PBXNativeTarget;
			buildConfigurationList = 48A1FFC521C7987000CAAD28 /* Build configuration list for PBXNativeTarget "OOCategoriesDemoUITests" */;
			buildPhases = (
				48A1FFB221C7987000CAAD28 /* Sources */,
				48A1FFB321C7987000CAAD28 /* Frameworks */,
				48A1FFB421C7987000CAAD28 /* Resources */,
			);
			buildRules = (
			);
			dependencies = (
				48A1FFB821C7987000CAAD28 /* PBXTargetDependency */,
			);
			name = OOCategoriesDemoUITests;
			productName = OOCategoriesDemoUITests;
			productReference = 48A1FFB621C7987000CAAD28 /* OOCategoriesDemoUITests.xctest */;
			productType = "com.apple.product-type.bundle.ui-testing";
		};
/* End PBXNativeTarget section */

/* Begin PBXProject section */
		48A1FF8B21C7986F00CAAD28 /* Project object */ = {
			isa = PBXProject;
			attributes = {
				LastUpgradeCheck = 1010;
				ORGANIZATIONNAME = Once;
				TargetAttributes = {
					48A1FF9221C7986F00CAAD28 = {
						CreatedOnToolsVersion = 10.1;
					};
					48A1FFAA21C7987000CAAD28 = {
						CreatedOnToolsVersion = 10.1;
						TestTargetID = 48A1FF9221C7986F00CAAD28;
					};
					48A1FFB521C7987000CAAD28 = {
						CreatedOnToolsVersion = 10.1;
						TestTargetID = 48A1FF9221C7986F00CAAD28;
					};
				};
			};
			buildConfigurationList = 48A1FF8E21C7986F00CAAD28 /* Build configuration list for PBXProject "OOCategoriesDemo" */;
			compatibilityVersion = "Xcode 9.3";
			developmentRegion = en;
			hasScannedForEncodings = 0;
			knownRegions = (
				en,
				Base,
			);
			mainGroup = 48A1FF8A21C7986F00CAAD28;
			productRefGroup = 48A1FF9421C7986F00CAAD28 /* Products */;
			projectDirPath = "";
			projectRoot = "";
			targets = (
				48A1FF9221C7986F00CAAD28 /* OOCategoriesDemo */,
				48A1FFAA21C7987000CAAD28 /* OOCategoriesDemoTests */,
				48A1FFB521C7987000CAAD28 /* OOCategoriesDemoUITests */,
			);
		};
/* End PBXProject section */

/* Begin PBXResourcesBuildPhase section */
		48A1FF9121C7986F00CAAD28 /* Resources */ = {
			isa = PBXResourcesBuildPhase;
			buildActionMask = 2147483647;
			files = (
				48A1FFA321C7987000CAAD28 /* LaunchScreen.storyboard in Resources */,
				48A1FFA021C7987000CAAD28 /* Assets.xcassets in Resources */,
				48A1FF9E21C7986F00CAAD28 /* Main.storyboard in Resources */,
			);
			runOnlyForDeploymentPostprocessing = 0;
		};
		48A1FFA921C7987000CAAD28 /* Resources */ = {
			isa = PBXResourcesBuildPhase;
			buildActionMask = 2147483647;
			files = (
			);
			runOnlyForDeploymentPostprocessing = 0;
		};
		48A1FFB421C7987000CAAD28 /* Resources */ = {
			isa = PBXResourcesBuildPhase;
			buildActionMask = 2147483647;
			files = (
			);
			runOnlyForDeploymentPostprocessing = 0;
		};
/* End PBXResourcesBuildPhase section */

/* Begin PBXSourcesBuildPhase section */
		48A1FF8F21C7986F00CAAD28 /* Sources */ = {
			isa = PBXSourcesBuildPhase;
			buildActionMask = 2147483647;
			files = (
				48A1FFF821C7992100CAAD28 /* OONSPredicate.m in Sources */,
				48A1FFF721C7992100CAAD28 /* UIImageView+OO.m in Sources */,
				48A1FFF421C7992100CAAD28 /* UIView+OO.m in Sources */,
				48A1FFF521C7992100CAAD28 /* UIScrollView+OO.m in Sources */,
				48A1FFEF21C7992100CAAD28 /* OOTime.m in Sources */,
				48A1FFF021C7992100CAAD28 /* OODocuments.m in Sources */,
				48A1FFEC21C7992100CAAD28 /* UIButton+OO.m in Sources */,
				48A1FF9B21C7986F00CAAD28 /* ViewController.m in Sources */,
				48A1FFF121C7992100CAAD28 /* UILabel+OO.m in Sources */,
				48A1FFEB21C7992100CAAD28 /* NSMutableDictionary+OO.m in Sources */,
				48A1FFA621C7987000CAAD28 /* main.m in Sources */,
				48A1FFF321C7992100CAAD28 /* OONullCalue.m in Sources */,
				48A1FF9821C7986F00CAAD28 /* AppDelegate.m in Sources */,
				48A1FFEE21C7992100CAAD28 /* UICollectionView+OO.m in Sources */,
				48A1FFF921C7992100CAAD28 /* UIViewController+OO.m in Sources */,
				48A1FFED21C7992100CAAD28 /* UITextView+OO.m in Sources */,
				48A1FFF621C7992100CAAD28 /* UITableView+OO.m in Sources */,
				48A1FFFA21C7992100CAAD28 /* NSDate+OO.m in Sources */,
				48A1FFF221C7992100CAAD28 /* UITextField+OO.m in Sources */,
			);
			runOnlyForDeploymentPostprocessing = 0;
		};
		48A1FFA721C7987000CAAD28 /* Sources */ = {
			isa = PBXSourcesBuildPhase;
			buildActionMask = 2147483647;
			files = (
				48A1FFB021C7987000CAAD28 /* OOCategoriesDemoTests.m in Sources */,
			);
			runOnlyForDeploymentPostprocessing = 0;
		};
		48A1FFB221C7987000CAAD28 /* Sources */ = {
			isa = PBXSourcesBuildPhase;
			buildActionMask = 2147483647;
			files = (
				48A1FFBB21C7987000CAAD28 /* OOCategoriesDemoUITests.m in Sources */,
			);
			runOnlyForDeploymentPostprocessing = 0;
		};
/* End PBXSourcesBuildPhase section */

/* Begin PBXTargetDependency section */
		48A1FFAD21C7987000CAAD28 /* PBXTargetDependency */ = {
			isa = PBXTargetDependency;
			target = 48A1FF9221C7986F00CAAD28 /* OOCategoriesDemo */;
			targetProxy = 48A1FFAC21C7987000CAAD28 /* PBXContainerItemProxy */;
		};
		48A1FFB821C7987000CAAD28 /* PBXTargetDependency */ = {
			isa = PBXTargetDependency;
			target = 48A1FF9221C7986F00CAAD28 /* OOCategoriesDemo */;
			targetProxy = 48A1FFB721C7987000CAAD28 /* PBXContainerItemProxy */;
		};
/* End PBXTargetDependency section */

/* Begin PBXVariantGroup section */
		48A1FF9C21C7986F00CAAD28 /* Main.storyboard */ = {
			isa = PBXVariantGroup;
			children = (
				48A1FF9D21C7986F00CAAD28 /* Base */,
			);
			name = Main.storyboard;
			sourceTree = "<group>";
		};
		48A1FFA121C7987000CAAD28 /* LaunchScreen.storyboard */ = {
			isa = PBXVariantGroup;
			children = (
				48A1FFA221C7987000CAAD28 /* Base */,
			);
			name = LaunchScreen.storyboard;
			sourceTree = "<group>";
		};
/* End PBXVariantGroup section */

/* Begin XCBuildConfiguration section */
		48A1FFBD21C7987000CAAD28 /* Debug */ = {
			isa = XCBuildConfiguration;
			buildSettings = {
				ALWAYS_SEARCH_USER_PATHS = NO;
				CLANG_ANALYZER_NONNULL = YES;
				CLANG_ANALYZER_NUMBER_OBJECT_CONVERSION = YES_AGGRESSIVE;
				CLANG_CXX_LANGUAGE_STANDARD = "gnu++14";
				CLANG_CXX_LIBRARY = "libc++";
				CLANG_ENABLE_MODULES = YES;
				CLANG_ENABLE_OBJC_ARC = YES;
				CLANG_ENABLE_OBJC_WEAK = YES;
				CLANG_WARN_BLOCK_CAPTURE_AUTORELEASING = YES;
				CLANG_WARN_BOOL_CONVERSION = YES;
				CLANG_WARN_COMMA = YES;
				CLANG_WARN_CONSTANT_CONVERSION = YES;
				CLANG_WARN_DEPRECATED_OBJC_IMPLEMENTATIONS = YES;
				CLANG_WARN_DIRECT_OBJC_ISA_USAGE = YES_ERROR;
				CLANG_WARN_DOCUMENTATION_COMMENTS = YES;
				CLANG_WARN_EMPTY_BODY = YES;
				CLANG_WARN_ENUM_CONVERSION = YES;
				CLANG_WARN_INFINITE_RECURSION = YES;
				CLANG_WARN_INT_CONVERSION = YES;
				CLANG_WARN_NON_LITERAL_NULL_CONVERSION = YES;
				CLANG_WARN_OBJC_IMPLICIT_RETAIN_SELF = YES;
				CLANG_WARN_OBJC_LITERAL_CONVERSION = YES;
				CLANG_WARN_OBJC_ROOT_CLASS = YES_ERROR;
				CLANG_WARN_RANGE_LOOP_ANALYSIS = YES;
				CLANG_WARN_STRICT_PROTOTYPES = YES;
				CLANG_WARN_SUSPICIOUS_MOVE = YES;
				CLANG_WARN_UNGUARDED_AVAILABILITY = YES_AGGRESSIVE;
				CLANG_WARN_UNREACHABLE_CODE = YES;
				CLANG_WARN__DUPLICATE_METHOD_MATCH = YES;
				CODE_SIGN_IDENTITY = "iPhone Developer";
				COPY_PHASE_STRIP = NO;
				DEBUG_INFORMATION_FORMAT = dwarf;
				ENABLE_STRICT_OBJC_MSGSEND = YES;
				ENABLE_TESTABILITY = YES;
				GCC_C_LANGUAGE_STANDARD = gnu11;
				GCC_DYNAMIC_NO_PIC = NO;
				GCC_NO_COMMON_BLOCKS = YES;
				GCC_OPTIMIZATION_LEVEL = 0;
				GCC_PREPROCESSOR_DEFINITIONS = (
					"DEBUG=1",
					"$(inherited)",
				);
				GCC_WARN_64_TO_32_BIT_CONVERSION = YES;
				GCC_WARN_ABOUT_RETURN_TYPE = YES_ERROR;
				GCC_WARN_UNDECLARED_SELECTOR = YES;
				GCC_WARN_UNINITIALIZED_AUTOS = YES_AGGRESSIVE;
				GCC_WARN_UNUSED_FUNCTION = YES;
				GCC_WARN_UNUSED_VARIABLE = YES;
				IPHONEOS_DEPLOYMENT_TARGET = 12.1;
				MTL_ENABLE_DEBUG_INFO = INCLUDE_SOURCE;
				MTL_FAST_MATH = YES;
				ONLY_ACTIVE_ARCH = YES;
				SDKROOT = iphoneos;
			};
			name = Debug;
		};
		48A1FFBE21C7987000CAAD28 /* Release */ = {
			isa = XCBuildConfiguration;
			buildSettings = {
				ALWAYS_SEARCH_USER_PATHS = NO;
				CLANG_ANALYZER_NONNULL = YES;
				CLANG_ANALYZER_NUMBER_OBJECT_CONVERSION = YES_AGGRESSIVE;
				CLANG_CXX_LANGUAGE_STANDARD = "gnu++14";
				CLANG_CXX_LIBRARY = "libc++";
				CLANG_ENABLE_MODULES = YES;
				CLANG_ENABLE_OBJC_ARC = YES;
				CLANG_ENABLE_OBJC_WEAK = YES;
				CLANG_WARN_BLOCK_CAPTURE_AUTORELEASING = YES;
				CLANG_WARN_BOOL_CONVERSION = YES;
				CLANG_WARN_COMMA = YES;
				CLANG_WARN_CONSTANT_CONVERSION = YES;
				CLANG_WARN_DEPRECATED_OBJC_IMPLEMENTATIONS = YES;
				CLANG_WARN_DIRECT_OBJC_ISA_USAGE = YES_ERROR;
				CLANG_WARN_DOCUMENTATION_COMMENTS = YES;
				CLANG_WARN_EMPTY_BODY = YES;
				CLANG_WARN_ENUM_CONVERSION = YES;
				CLANG_WARN_INFINITE_RECURSION = YES;
				CLANG_WARN_INT_CONVERSION = YES;
				CLANG_WARN_NON_LITERAL_NULL_CONVERSION = YES;
				CLANG_WARN_OBJC_IMPLICIT_RETAIN_SELF = YES;
				CLANG_WARN_OBJC_LITERAL_CONVERSION = YES;
				CLANG_WARN_OBJC_ROOT_CLASS = YES_ERROR;
				CLANG_WARN_RANGE_LOOP_ANALYSIS = YES;
				CLANG_WARN_STRICT_PROTOTYPES = YES;
				CLANG_WARN_SUSPICIOUS_MOVE = YES;
				CLANG_WARN_UNGUARDED_AVAILABILITY = YES_AGGRESSIVE;
				CLANG_WARN_UNREACHABLE_CODE = YES;
				CLANG_WARN__DUPLICATE_METHOD_MATCH = YES;
				CODE_SIGN_IDENTITY = "iPhone Developer";
				COPY_PHASE_STRIP = NO;
				DEBUG_INFORMATION_FORMAT = "dwarf-with-dsym";
				ENABLE_NS_ASSERTIONS = NO;
				ENABLE_STRICT_OBJC_MSGSEND = YES;
				GCC_C_LANGUAGE_STANDARD = gnu11;
				GCC_NO_COMMON_BLOCKS = YES;
				GCC_WARN_64_TO_32_BIT_CONVERSION = YES;
				GCC_WARN_ABOUT_RETURN_TYPE = YES_ERROR;
				GCC_WARN_UNDECLARED_SELECTOR = YES;
				GCC_WARN_UNINITIALIZED_AUTOS = YES_AGGRESSIVE;
				GCC_WARN_UNUSED_FUNCTION = YES;
				GCC_WARN_UNUSED_VARIABLE = YES;
				IPHONEOS_DEPLOYMENT_TARGET = 12.1;
				MTL_ENABLE_DEBUG_INFO = NO;
				MTL_FAST_MATH = YES;
				SDKROOT = iphoneos;
				VALIDATE_PRODUCT = YES;
			};
			name = Release;
		};
		48A1FFC021C7987000CAAD28 /* Debug */ = {
			isa = XCBuildConfiguration;
			buildSettings = {
				ASSETCATALOG_COMPILER_APPICON_NAME = AppIcon;
				CODE_SIGN_STYLE = Automatic;
				DEVELOPMENT_TEAM = 23S2F95B64;
				INFOPLIST_FILE = OOCategoriesDemo/Info.plist;
				LD_RUNPATH_SEARCH_PATHS = (
					"$(inherited)",
					"@executable_path/Frameworks",
				);
				PRODUCT_BUNDLE_IDENTIFIER = xx.OOCategoriesDemo;
				PRODUCT_NAME = "$(TARGET_NAME)";
				TARGETED_DEVICE_FAMILY = "1,2";
			};
			name = Debug;
		};
		48A1FFC121C7987000CAAD28 /* Release */ = {
			isa = XCBuildConfiguration;
			buildSettings = {
				ASSETCATALOG_COMPILER_APPICON_NAME = AppIcon;
				CODE_SIGN_STYLE = Automatic;
				DEVELOPMENT_TEAM = 23S2F95B64;
				INFOPLIST_FILE = OOCategoriesDemo/Info.plist;
				LD_RUNPATH_SEARCH_PATHS = (
					"$(inherited)",
					"@executable_path/Frameworks",
				);
				PRODUCT_BUNDLE_IDENTIFIER = xx.OOCategoriesDemo;
				PRODUCT_NAME = "$(TARGET_NAME)";
				TARGETED_DEVICE_FAMILY = "1,2";
			};
			name = Release;
		};
		48A1FFC321C7987000CAAD28 /* Debug */ = {
			isa = XCBuildConfiguration;
			buildSettings = {
				BUNDLE_LOADER = "$(TEST_HOST)";
				CODE_SIGN_STYLE = Automatic;
				DEVELOPMENT_TEAM = 23S2F95B64;
				INFOPLIST_FILE = OOCategoriesDemoTests/Info.plist;
				LD_RUNPATH_SEARCH_PATHS = (
					"$(inherited)",
					"@executable_path/Frameworks",
					"@loader_path/Frameworks",
				);
				PRODUCT_BUNDLE_IDENTIFIER = xx.OOCategoriesDemoTests;
				PRODUCT_NAME = "$(TARGET_NAME)";
				TARGETED_DEVICE_FAMILY = "1,2";
				TEST_HOST = "$(BUILT_PRODUCTS_DIR)/OOCategoriesDemo.app/OOCategoriesDemo";
			};
			name = Debug;
		};
		48A1FFC421C7987000CAAD28 /* Release */ = {
			isa = XCBuildConfiguration;
			buildSettings = {
				BUNDLE_LOADER = "$(TEST_HOST)";
				CODE_SIGN_STYLE = Automatic;
				DEVELOPMENT_TEAM = 23S2F95B64;
				INFOPLIST_FILE = OOCategoriesDemoTests/Info.plist;
				LD_RUNPATH_SEARCH_PATHS = (
					"$(inherited)",
					"@executable_path/Frameworks",
					"@loader_path/Frameworks",
				);
				PRODUCT_BUNDLE_IDENTIFIER = xx.OOCategoriesDemoTests;
				PRODUCT_NAME = "$(TARGET_NAME)";
				TARGETED_DEVICE_FAMILY = "1,2";
				TEST_HOST = "$(BUILT_PRODUCTS_DIR)/OOCategoriesDemo.app/OOCategoriesDemo";
			};
			name = Release;
		};
		48A1FFC621C7987000CAAD28 /* Debug */ = {
			isa = XCBuildConfiguration;
			buildSettings = {
				CODE_SIGN_STYLE = Automatic;
				DEVELOPMENT_TEAM = 23S2F95B64;
				INFOPLIST_FILE = OOCategoriesDemoUITests/Info.plist;
				LD_RUNPATH_SEARCH_PATHS = (
					"$(inherited)",
					"@executable_path/Frameworks",
					"@loader_path/Frameworks",
				);
				PRODUCT_BUNDLE_IDENTIFIER = xx.OOCategoriesDemoUITests;
				PRODUCT_NAME = "$(TARGET_NAME)";
				TARGETED_DEVICE_FAMILY = "1,2";
				TEST_TARGET_NAME = OOCategoriesDemo;
			};
			name = Debug;
		};
		48A1FFC721C7987000CAAD28 /* Release */ = {
			isa = XCBuildConfiguration;
			buildSettings = {
				CODE_SIGN_STYLE = Automatic;
				DEVELOPMENT_TEAM = 23S2F95B64;
				INFOPLIST_FILE = OOCategoriesDemoUITests/Info.plist;
				LD_RUNPATH_SEARCH_PATHS = (
					"$(inherited)",
					"@executable_path/Frameworks",
					"@loader_path/Frameworks",
				);
				PRODUCT_BUNDLE_IDENTIFIER = xx.OOCategoriesDemoUITests;
				PRODUCT_NAME = "$(TARGET_NAME)";
				TARGETED_DEVICE_FAMILY = "1,2";
				TEST_TARGET_NAME = OOCategoriesDemo;
			};
			name = Release;
		};
/* End XCBuildConfiguration section */

/* Begin XCConfigurationList section */
		48A1FF8E21C7986F00CAAD28 /* Build configuration list for PBXProject "OOCategoriesDemo" */ = {
			isa = XCConfigurationList;
			buildConfigurations = (
				48A1FFBD21C7987000CAAD28 /* Debug */,
				48A1FFBE21C7987000CAAD28 /* Release */,
			);
			defaultConfigurationIsVisible = 0;
			defaultConfigurationName = Release;
		};
		48A1FFBF21C7987000CAAD28 /* Build configuration list for PBXNativeTarget "OOCategoriesDemo" */ = {
			isa = XCConfigurationList;
			buildConfigurations = (
				48A1FFC021C7987000CAAD28 /* Debug */,
				48A1FFC121C7987000CAAD28 /* Release */,
			);
			defaultConfigurationIsVisible = 0;
			defaultConfigurationName = Release;
		};
		48A1FFC221C7987000CAAD28 /* Build configuration list for PBXNativeTarget "OOCategoriesDemoTests" */ = {
			isa = XCConfigurationList;
			buildConfigurations = (
				48A1FFC321C7987000CAAD28 /* Debug */,
				48A1FFC421C7987000CAAD28 /* Release */,
			);
			defaultConfigurationIsVisible = 0;
			defaultConfigurationName = Release;
		};
		48A1FFC521C7987000CAAD28 /* Build configuration list for PBXNativeTarget "OOCategoriesDemoUITests" */ = {
			isa = XCConfigurationList;
			buildConfigurations = (
				48A1FFC621C7987000CAAD28 /* Debug */,
				48A1FFC721C7987000CAAD28 /* Release */,
			);
			defaultConfigurationIsVisible = 0;
			defaultConfigurationName = Release;
		};
/* End XCConfigurationList section */
	};
	rootObject = 48A1FF8B21C7986F00CAAD28 /* Project object */;
}
